
Microsoft Visual Studio Solution File, Format Version 12.00
# Visual Studio Version 17
VisualStudioVersion = 17.0.31903.59
MinimumVisualStudioVersion = 10.0.40219.1
Project("{2150E333-8FDC-42A3-9474-1A3956D46DE8}") = "01-Fundamentals", "01-Fundamentals", "{14F17D2D-2CAA-19F0-18F2-09E7B217756B}"
EndProject
Project("{2150E333-8FDC-42A3-9474-1A3956D46DE8}") = "01-Variables-DataTypes", "01-Variables-DataTypes", "{AFEE7D8E-BD9D-1431-2610-85E262EA213B}"
EndProject
Project("{FAE04EC0-301F-11D3-BF4B-00C04F79EFBC}") = "VariablesDataTypes.Sample", "01-Fundamentals\01-Variables-DataTypes\VariablesDataTypes.Sample\VariablesDataTypes.Sample.csproj", "{00F97074-CED9-464E-8A45-D5E832B9306D}"
EndProject
Project("{2150E333-8FDC-42A3-9474-1A3956D46DE8}") = "02-Conditionals-Loops", "02-Conditionals-Loops", "{8AC139DC-D1A9-35AB-F4B4-A6ECF14B4CA1}"
EndProject
Project("{FAE04EC0-301F-11D3-BF4B-00C04F79EFBC}") = "ConditionalsLoops.Sample", "01-Fundamentals\02-Conditionals-Loops\ConditionalsLoops.Sample\ConditionalsLoops.Sample.csproj", "{8E0C7643-29E4-4C3D-BAD7-2882A9C9CA7D}"
EndProject
Project("{2150E333-8FDC-42A3-9474-1A3956D46DE8}") = "03-Methods-Functions", "03-Methods-Functions", "{433D8456-4BE6-19A4-D949-0FC3215F2A5A}"
EndProject
Project("{FAE04EC0-301F-11D3-BF4B-00C04F79EFBC}") = "MethodsFunctions.Sample", "01-Fundamentals\03-Methods-Functions\MethodsFunctions.Sample\MethodsFunctions.Sample.csproj", "{626E53FF-6E8A-4800-A37B-A49D9C644685}"
EndProject
Project("{2150E333-8FDC-42A3-9474-1A3956D46DE8}") = "04-String-DateTime-Math", "04-String-DateTime-Math", "{96AA9C3D-CAFC-D635-F2DC-BE1EF645947F}"
EndProject
Project("{FAE04EC0-301F-11D3-BF4B-00C04F79EFBC}") = "StringDateTimeMath.Sample", "01-Fundamentals\04-String-DateTime-Math\StringDateTimeMath.Sample\StringDateTimeMath.Sample.csproj", "{8FD0AC12-3E30-4DEC-8F44-BC4A773DF838}"
EndProject
Project("{2150E333-8FDC-42A3-9474-1A3956D46DE8}") = "05-Arrays-Collections", "05-Arrays-Collections", "{BD1F4606-091C-8F09-348E-E1D322ED0AFD}"
EndProject
Project("{FAE04EC0-301F-11D3-BF4B-00C04F79EFBC}") = "ArraysCollections.Sample", "01-Fundamentals\05-Arrays-Collections\ArraysCollections.Sample\ArraysCollections.Sample.csproj", "{92AC6166-76A1-4A5D-9B39-D8197917C020}"
EndProject
Project("{2150E333-8FDC-42A3-9474-1A3956D46DE8}") = "02-Object-Oriented", "02-Object-Oriented", "{27779721-3D82-1DE9-BD3C-D533538A77DA}"
EndProject
Project("{2150E333-8FDC-42A3-9474-1A3956D46DE8}") = "06-Classes-Objects", "06-Classes-Objects", "{527E687D-495B-9DBF-143A-4005CFA1D2AD}"
EndProject
Project("{FAE04EC0-301F-11D3-BF4B-00C04F79EFBC}") = "ClassesObjects.Sample", "02-Object-Oriented\06-Classes-Objects\ClassesObjects.Sample\ClassesObjects.Sample.csproj", "{B387BC5E-AA12-47C7-B584-D68F62DBCBD0}"
EndProject
Project("{2150E333-8FDC-42A3-9474-1A3956D46DE8}") = "07-Inheritance", "07-Inheritance", "{8CE5F6D1-EB48-9901-831B-6FF70D726C2C}"
EndProject
Project("{FAE04EC0-301F-11D3-BF4B-00C04F79EFBC}") = "Inheritance.Sample", "02-Object-Oriented\07-Inheritance\Inheritance.Sample\Inheritance.Sample.csproj", "{3B38ED8B-A8CD-4E78-A50D-CBE72A4D0D6E}"
EndProject
Project("{2150E333-8FDC-42A3-9474-1A3956D46DE8}") = "08-Interfaces-Abstract", "08-Interfaces-Abstract", "{991C35F3-7DED-22CD-C041-E34D7F157E75}"
EndProject
Project("{FAE04EC0-301F-11D3-BF4B-00C04F79EFBC}") = "InterfacesAbstract.Sample", "02-Object-Oriented\08-Interfaces-Abstract\InterfacesAbstract.Sample\InterfacesAbstract.Sample.csproj", "{A15A56A8-6884-4965-8D95-CE55C2740CB0}"
EndProject
Project("{2150E333-8FDC-42A3-9474-1A3956D46DE8}") = "09-Polymorphism-Encapsulation", "09-Polymorphism-Encapsulation", "{B1706209-5CBD-CFEA-831F-267E7842171D}"
EndProject
Project("{FAE04EC0-301F-11D3-BF4B-00C04F79EFBC}") = "PolymorphismEncapsulation.Sample", "02-Object-Oriented\09-Polymorphism-Encapsulation\PolymorphismEncapsulation.Sample\PolymorphismEncapsulation.Sample.csproj", "{51F7EF23-F4E1-48A1-B5A4-BFE52D55E25F}"
EndProject
Project("{2150E333-8FDC-42A3-9474-1A3956D46DE8}") = "10-Structs-Enums-Records", "10-Structs-Enums-Records", "{D045FCBA-5962-F8BF-33FD-44F0C2724359}"
EndProject
Project("{FAE04EC0-301F-11D3-BF4B-00C04F79EFBC}") = "StructsEnumsRecords.Sample", "02-Object-Oriented\10-Structs-Enums-Records\StructsEnumsRecords.Sample\StructsEnumsRecords.Sample.csproj", "{24E03DA4-3897-4497-B344-AAEAC747DF8E}"
EndProject
Global
	GlobalSection(SolutionConfigurationPlatforms) = preSolution
		Debug|Any CPU = Debug|Any CPU
		Debug|x64 = Debug|x64
		Debug|x86 = Debug|x86
		Release|Any CPU = Release|Any CPU
		Release|x64 = Release|x64
		Release|x86 = Release|x86
	EndGlobalSection
	GlobalSection(ProjectConfigurationPlatforms) = postSolution
		{00F97074-CED9-464E-8A45-D5E832B9306D}.Debug|Any CPU.ActiveCfg = Debug|Any CPU
		{00F97074-CED9-464E-8A45-D5E832B9306D}.Debug|Any CPU.Build.0 = Debug|Any CPU
		{00F97074-CED9-464E-8A45-D5E832B9306D}.Debug|x64.ActiveCfg = Debug|Any CPU
		{00F97074-CED9-464E-8A45-D5E832B9306D}.Debug|x64.Build.0 = Debug|Any CPU
		{00F97074-CED9-464E-8A45-D5E832B9306D}.Debug|x86.ActiveCfg = Debug|Any CPU
		{00F97074-CED9-464E-8A45-D5E832B9306D}.Debug|x86.Build.0 = Debug|Any CPU
		{00F97074-CED9-464E-8A45-D5E832B9306D}.Release|Any CPU.ActiveCfg = Release|Any CPU
		{00F97074-CED9-464E-8A45-D5E832B9306D}.Release|Any CPU.Build.0 = Release|Any CPU
		{00F97074-CED9-464E-8A45-D5E832B9306D}.Release|x64.ActiveCfg = Release|Any CPU
		{00F97074-CED9-464E-8A45-D5E832B9306D}.Release|x64.Build.0 = Release|Any CPU
		{00F97074-CED9-464E-8A45-D5E832B9306D}.Release|x86.ActiveCfg = Release|Any CPU
		{00F97074-CED9-464E-8A45-D5E832B9306D}.Release|x86.Build.0 = Release|Any CPU
		{8E0C7643-29E4-4C3D-BAD7-2882A9C9CA7D}.Debug|Any CPU.ActiveCfg = Debug|Any CPU
		{8E0C7643-29E4-4C3D-BAD7-2882A9C9CA7D}.Debug|Any CPU.Build.0 = Debug|Any CPU
		{8E0C7643-29E4-4C3D-BAD7-2882A9C9CA7D}.Debug|x64.ActiveCfg = Debug|Any CPU
		{8E0C7643-29E4-4C3D-BAD7-2882A9C9CA7D}.Debug|x64.Build.0 = Debug|Any CPU
		{8E0C7643-29E4-4C3D-BAD7-2882A9C9CA7D}.Debug|x86.ActiveCfg = Debug|Any CPU
		{8E0C7643-29E4-4C3D-BAD7-2882A9C9CA7D}.Debug|x86.Build.0 = Debug|Any CPU
		{8E0C7643-29E4-4C3D-BAD7-2882A9C9CA7D}.Release|Any CPU.ActiveCfg = Release|Any CPU
		{8E0C7643-29E4-4C3D-BAD7-2882A9C9CA7D}.Release|Any CPU.Build.0 = Release|Any CPU
		{8E0C7643-29E4-4C3D-BAD7-2882A9C9CA7D}.Release|x64.ActiveCfg = Release|Any CPU
		{8E0C7643-29E4-4C3D-BAD7-2882A9C9CA7D}.Release|x64.Build.0 = Release|Any CPU
		{8E0C7643-29E4-4C3D-BAD7-2882A9C9CA7D}.Release|x86.ActiveCfg = Release|Any CPU
		{8E0C7643-29E4-4C3D-BAD7-2882A9C9CA7D}.Release|x86.Build.0 = Release|Any CPU
		{626E53FF-6E8A-4800-A37B-A49D9C644685}.Debug|Any CPU.ActiveCfg = Debug|Any CPU
		{626E53FF-6E8A-4800-A37B-A49D9C644685}.Debug|Any CPU.Build.0 = Debug|Any CPU
		{626E53FF-6E8A-4800-A37B-A49D9C644685}.Debug|x64.ActiveCfg = Debug|Any CPU
		{626E53FF-6E8A-4800-A37B-A49D9C644685}.Debug|x64.Build.0 = Debug|Any CPU
		{626E53FF-6E8A-4800-A37B-A49D9C644685}.Debug|x86.ActiveCfg = Debug|Any CPU
		{626E53FF-6E8A-4800-A37B-A49D9C644685}.Debug|x86.Build.0 = Debug|Any CPU
		{626E53FF-6E8A-4800-A37B-A49D9C644685}.Release|Any CPU.ActiveCfg = Release|Any CPU
		{626E53FF-6E8A-4800-A37B-A49D9C644685}.Release|Any CPU.Build.0 = Release|Any CPU
		{626E53FF-6E8A-4800-A37B-A49D9C644685}.Release|x64.ActiveCfg = Release|Any CPU
		{626E53FF-6E8A-4800-A37B-A49D9C644685}.Release|x64.Build.0 = Release|Any CPU
		{626E53FF-6E8A-4800-A37B-A49D9C644685}.Release|x86.ActiveCfg = Release|Any CPU
		{626E53FF-6E8A-4800-A37B-A49D9C644685}.Release|x86.Build.0 = Release|Any CPU
		{8FD0AC12-3E30-4DEC-8F44-BC4A773DF838}.Debug|Any CPU.ActiveCfg = Debug|Any CPU
		{8FD0AC12-3E30-4DEC-8F44-BC4A773DF838}.Debug|Any CPU.Build.0 = Debug|Any CPU
		{8FD0AC12-3E30-4DEC-8F44-BC4A773DF838}.Debug|x64.ActiveCfg = Debug|Any CPU
		{8FD0AC12-3E30-4DEC-8F44-BC4A773DF838}.Debug|x64.Build.0 = Debug|Any CPU
		{8FD0AC12-3E30-4DEC-8F44-BC4A773DF838}.Debug|x86.ActiveCfg = Debug|Any CPU
		{8FD0AC12-3E30-4DEC-8F44-BC4A773DF838}.Debug|x86.Build.0 = Debug|Any CPU
		{8FD0AC12-3E30-4DEC-8F44-BC4A773DF838}.Release|Any CPU.ActiveCfg = Release|Any CPU
		{8FD0AC12-3E30-4DEC-8F44-BC4A773DF838}.Release|Any CPU.Build.0 = Release|Any CPU
		{8FD0AC12-3E30-4DEC-8F44-BC4A773DF838}.Release|x64.ActiveCfg = Release|Any CPU
		{8FD0AC12-3E30-4DEC-8F44-BC4A773DF838}.Release|x64.Build.0 = Release|Any CPU
		{8FD0AC12-3E30-4DEC-8F44-BC4A773DF838}.Release|x86.ActiveCfg = Release|Any CPU
		{8FD0AC12-3E30-4DEC-8F44-BC4A773DF838}.Release|x86.Build.0 = Release|Any CPU
		{92AC6166-76A1-4A5D-9B39-D8197917C020}.Debug|Any CPU.ActiveCfg = Debug|Any CPU
		{92AC6166-76A1-4A5D-9B39-D8197917C020}.Debug|Any CPU.Build.0 = Debug|Any CPU
		{92AC6166-76A1-4A5D-9B39-D8197917C020}.Debug|x64.ActiveCfg = Debug|Any CPU
		{92AC6166-76A1-4A5D-9B39-D8197917C020}.Debug|x64.Build.0 = Debug|Any CPU
		{92AC6166-76A1-4A5D-9B39-D8197917C020}.Debug|x86.ActiveCfg = Debug|Any CPU
		{92AC6166-76A1-4A5D-9B39-D8197917C020}.Debug|x86.Build.0 = Debug|Any CPU
		{92AC6166-76A1-4A5D-9B39-D8197917C020}.Release|Any CPU.ActiveCfg = Release|Any CPU
		{92AC6166-76A1-4A5D-9B39-D8197917C020}.Release|Any CPU.Build.0 = Release|Any CPU
		{92AC6166-76A1-4A5D-9B39-D8197917C020}.Release|x64.ActiveCfg = Release|Any CPU
		{92AC6166-76A1-4A5D-9B39-D8197917C020}.Release|x64.Build.0 = Release|Any CPU
		{92AC6166-76A1-4A5D-9B39-D8197917C020}.Release|x86.ActiveCfg = Release|Any CPU
		{92AC6166-76A1-4A5D-9B39-D8197917C020}.Release|x86.Build.0 = Release|Any CPU
		{B387BC5E-AA12-47C7-B584-D68F62DBCBD0}.Debug|Any CPU.ActiveCfg = Debug|Any CPU
		{B387BC5E-AA12-47C7-B584-D68F62DBCBD0}.Debug|Any CPU.Build.0 = Debug|Any CPU
		{B387BC5E-AA12-47C7-B584-D68F62DBCBD0}.Debug|x64.ActiveCfg = Debug|Any CPU
		{B387BC5E-AA12-47C7-B584-D68F62DBCBD0}.Debug|x64.Build.0 = Debug|Any CPU
		{B387BC5E-AA12-47C7-B584-D68F62DBCBD0}.Debug|x86.ActiveCfg = Debug|Any CPU
		{B387BC5E-AA12-47C7-B584-D68F62DBCBD0}.Debug|x86.Build.0 = Debug|Any CPU
		{B387BC5E-AA12-47C7-B584-D68F62DBCBD0}.Release|Any CPU.ActiveCfg = Release|Any CPU
		{B387BC5E-AA12-47C7-B584-D68F62DBCBD0}.Release|Any CPU.Build.0 = Release|Any CPU
		{B387BC5E-AA12-47C7-B584-D68F62DBCBD0}.Release|x64.ActiveCfg = Release|Any CPU
		{B387BC5E-AA12-47C7-B584-D68F62DBCBD0}.Release|x64.Build.0 = Release|Any CPU
		{B387BC5E-AA12-47C7-B584-D68F62DBCBD0}.Release|x86.ActiveCfg = Release|Any CPU
		{B387BC5E-AA12-47C7-B584-D68F62DBCBD0}.Release|x86.Build.0 = Release|Any CPU
		{3B38ED8B-A8CD-4E78-A50D-CBE72A4D0D6E}.Debug|Any CPU.ActiveCfg = Debug|Any CPU
		{3B38ED8B-A8CD-4E78-A50D-CBE72A4D0D6E}.Debug|Any CPU.Build.0 = Debug|Any CPU
		{3B38ED8B-A8CD-4E78-A50D-CBE72A4D0D6E}.Debug|x64.ActiveCfg = Debug|Any CPU
		{3B38ED8B-A8CD-4E78-A50D-CBE72A4D0D6E}.Debug|x64.Build.0 = Debug|Any CPU
		{3B38ED8B-A8CD-4E78-A50D-CBE72A4D0D6E}.Debug|x86.ActiveCfg = Debug|Any CPU
		{3B38ED8B-A8CD-4E78-A50D-CBE72A4D0D6E}.Debug|x86.Build.0 = Debug|Any CPU
		{3B38ED8B-A8CD-4E78-A50D-CBE72A4D0D6E}.Release|Any CPU.ActiveCfg = Release|Any CPU
		{3B38ED8B-A8CD-4E78-A50D-CBE72A4D0D6E}.Release|Any CPU.Build.0 = Release|Any CPU
		{3B38ED8B-A8CD-4E78-A50D-CBE72A4D0D6E}.Release|x64.ActiveCfg = Release|Any CPU
		{3B38ED8B-A8CD-4E78-A50D-CBE72A4D0D6E}.Release|x64.Build.0 = Release|Any CPU
		{3B38ED8B-A8CD-4E78-A50D-CBE72A4D0D6E}.Release|x86.ActiveCfg = Release|Any CPU
		{3B38ED8B-A8CD-4E78-A50D-CBE72A4D0D6E}.Release|x86.Build.0 = Release|Any CPU
		{A15A56A8-6884-4965-8D95-CE55C2740CB0}.Debug|Any CPU.ActiveCfg = Debug|Any CPU
		{A15A56A8-6884-4965-8D95-CE55C2740CB0}.Debug|Any CPU.Build.0 = Debug|Any CPU
		{A15A56A8-6884-4965-8D95-CE55C2740CB0}.Debug|x64.ActiveCfg = Debug|Any CPU
		{A15A56A8-6884-4965-8D95-CE55C2740CB0}.Debug|x64.Build.0 = Debug|Any CPU
		{A15A56A8-6884-4965-8D95-CE55C2740CB0}.Debug|x86.ActiveCfg = Debug|Any CPU
		{A15A56A8-6884-4965-8D95-CE55C2740CB0}.Debug|x86.Build.0 = Debug|Any CPU
		{A15A56A8-6884-4965-8D95-CE55C2740CB0}.Release|Any CPU.ActiveCfg = Release|Any CPU
		{A15A56A8-6884-4965-8D95-CE55C2740CB0}.Release|Any CPU.Build.0 = Release|Any CPU
		{A15A56A8-6884-4965-8D95-CE55C2740CB0}.Release|x64.ActiveCfg = Release|Any CPU
		{A15A56A8-6884-4965-8D95-CE55C2740CB0}.Release|x64.Build.0 = Release|Any CPU
		{A15A56A8-6884-4965-8D95-CE55C2740CB0}.Release|x86.ActiveCfg = Release|Any CPU
		{A15A56A8-6884-4965-8D95-CE55C2740CB0}.Release|x86.Build.0 = Release|Any CPU
		{51F7EF23-F4E1-48A1-B5A4-BFE52D55E25F}.Debug|Any CPU.ActiveCfg = Debug|Any CPU
		{51F7EF23-F4E1-48A1-B5A4-BFE52D55E25F}.Debug|Any CPU.Build.0 = Debug|Any CPU
		{51F7EF23-F4E1-48A1-B5A4-BFE52D55E25F}.Debug|x64.ActiveCfg = Debug|Any CPU
		{51F7EF23-F4E1-48A1-B5A4-BFE52D55E25F}.Debug|x64.Build.0 = Debug|Any CPU
		{51F7EF23-F4E1-48A1-B5A4-BFE52D55E25F}.Debug|x86.ActiveCfg = Debug|Any CPU
		{51F7EF23-F4E1-48A1-B5A4-BFE52D55E25F}.Debug|x86.Build.0 = Debug|Any CPU
		{51F7EF23-F4E1-48A1-B5A4-BFE52D55E25F}.Release|Any CPU.ActiveCfg = Release|Any CPU
		{51F7EF23-F4E1-48A1-B5A4-BFE52D55E25F}.Release|Any CPU.Build.0 = Release|Any CPU
		{51F7EF23-F4E1-48A1-B5A4-BFE52D55E25F}.Release|x64.ActiveCfg = Release|Any CPU
		{51F7EF23-F4E1-48A1-B5A4-BFE52D55E25F}.Release|x64.Build.0 = Release|Any CPU
		{51F7EF23-F4E1-48A1-B5A4-BFE52D55E25F}.Release|x86.ActiveCfg = Release|Any CPU
		{51F7EF23-F4E1-48A1-B5A4-BFE52D55E25F}.Release|x86.Build.0 = Release|Any CPU
		{24E03DA4-3897-4497-B344-AAEAC747DF8E}.Debug|Any CPU.ActiveCfg = Debug|Any CPU
		{24E03DA4-3897-4497-B344-AAEAC747DF8E}.Debug|Any CPU.Build.0 = Debug|Any CPU
		{24E03DA4-3897-4497-B344-AAEAC747DF8E}.Debug|x64.ActiveCfg = Debug|Any CPU
		{24E03DA4-3897-4497-B344-AAEAC747DF8E}.Debug|x64.Build.0 = Debug|Any CPU
		{24E03DA4-3897-4497-B344-AAEAC747DF8E}.Debug|x86.ActiveCfg = Debug|Any CPU
		{24E03DA4-3897-4497-B344-AAEAC747DF8E}.Debug|x86.Build.0 = Debug|Any CPU
		{24E03DA4-3897-4497-B344-AAEAC747DF8E}.Release|Any CPU.ActiveCfg = Release|Any CPU
		{24E03DA4-3897-4497-B344-AAEAC747DF8E}.Release|Any CPU.Build.0 = Release|Any CPU
		{24E03DA4-3897-4497-B344-AAEAC747DF8E}.Release|x64.ActiveCfg = Release|Any CPU
		{24E03DA4-3897-4497-B344-AAEAC747DF8E}.Release|x64.Build.0 = Release|Any CPU
		{24E03DA4-3897-4497-B344-AAEAC747DF8E}.Release|x86.ActiveCfg = Release|Any CPU
		{24E03DA4-3897-4497-B344-AAEAC747DF8E}.Release|x86.Build.0 = Release|Any CPU
	EndGlobalSection
	GlobalSection(SolutionProperties) = preSolution
		HideSolutionNode = FALSE
	EndGlobalSection
	GlobalSection(NestedProjects) = preSolution
		{AFEE7D8E-BD9D-1431-2610-85E262EA213B} = {14F17D2D-2CAA-19F0-18F2-09E7B217756B}
		{00F97074-CED9-464E-8A45-D5E832B9306D} = {AFEE7D8E-BD9D-1431-2610-85E262EA213B}
		{8AC139DC-D1A9-35AB-F4B4-A6ECF14B4CA1} = {14F17D2D-2CAA-19F0-18F2-09E7B217756B}
		{8E0C7643-29E4-4C3D-BAD7-2882A9C9CA7D} = {8AC139DC-D1A9-35AB-F4B4-A6ECF14B4CA1}
		{433D8456-4BE6-19A4-D949-0FC3215F2A5A} = {14F17D2D-2CAA-19F0-18F2-09E7B217756B}
		{626E53FF-6E8A-4800-A37B-A49D9C644685} = {433D8456-4BE6-19A4-D949-0FC3215F2A5A}
		{96AA9C3D-CAFC-D635-F2DC-BE1EF645947F} = {14F17D2D-2CAA-19F0-18F2-09E7B217756B}
		{8FD0AC12-3E30-4DEC-8F44-BC4A773DF838} = {96AA9C3D-CAFC-D635-F2DC-BE1EF645947F}
		{BD1F4606-091C-8F09-348E-E1D322ED0AFD} = {14F17D2D-2CAA-19F0-18F2-09E7B217756B}
		{92AC6166-76A1-4A5D-9B39-D8197917C020} = {BD1F4606-091C-8F09-348E-E1D322ED0AFD}
		{527E687D-495B-9DBF-143A-4005CFA1D2AD} = {27779721-3D82-1DE9-BD3C-D533538A77DA}
		{B387BC5E-AA12-47C7-B584-D68F62DBCBD0} = {527E687D-495B-9DBF-143A-4005CFA1D2AD}
		{8CE5F6D1-EB48-9901-831B-6FF70D726C2C} = {27779721-3D82-1DE9-BD3C-D533538A77DA}
		{3B38ED8B-A8CD-4E78-A50D-CBE72A4D0D6E} = {8CE5F6D1-EB48-9901-831B-6FF70D726C2C}
		{991C35F3-7DED-22CD-C041-E34D7F157E75} = {27779721-3D82-1DE9-BD3C-D533538A77DA}
		{A15A56A8-6884-4965-8D95-CE55C2740CB0} = {991C35F3-7DED-22CD-C041-E34D7F157E75}
		{B1706209-5CBD-CFEA-831F-267E7842171D} = {27779721-3D82-1DE9-BD3C-D533538A77DA}
		{51F7EF23-F4E1-48A1-B5A4-BFE52D55E25F} = {B1706209-5CBD-CFEA-831F-267E7842171D}
		{D045FCBA-5962-F8BF-33FD-44F0C2724359} = {27779721-3D82-1DE9-BD3C-D533538A77DA}
		{24E03DA4-3897-4497-B344-AAEAC747DF8E} = {D045FCBA-5962-F8BF-33FD-44F0C2724359}
	EndGlobalSection
EndGlobal
