
Microsoft Visual Studio Solution File, Format Version 12.00
# Visual Studio Version 17
VisualStudioVersion = 17.0.31903.59
MinimumVisualStudioVersion = 10.0.40219.1
Project("{2150E333-8FDC-42A3-9474-1A3956D46DE8}") = "01-Fundamentals", "01-Fundamentals", "{14F17D2D-2CAA-19F0-18F2-09E7B217756B}"
EndProject
Project("{2150E333-8FDC-42A3-9474-1A3956D46DE8}") = "01-Variables-DataTypes", "01-Variables-DataTypes", "{AFEE7D8E-BD9D-1431-2610-85E262EA213B}"
EndProject
Project("{FAE04EC0-301F-11D3-BF4B-00C04F79EFBC}") = "VariablesDataTypes.Sample", "01-Fundamentals\01-Variables-DataTypes\VariablesDataTypes.Sample\VariablesDataTypes.Sample.csproj", "{00F97074-CED9-464E-8A45-D5E832B9306D}"
EndProject
Project("{2150E333-8FDC-42A3-9474-1A3956D46DE8}") = "02-Conditionals-Loops", "02-Conditionals-Loops", "{8AC139DC-D1A9-35AB-F4B4-A6ECF14B4CA1}"
EndProject
Project("{FAE04EC0-301F-11D3-BF4B-00C04F79EFBC}") = "ConditionalsLoops.Sample", "01-Fundamentals\02-Conditionals-Loops\ConditionalsLoops.Sample\ConditionalsLoops.Sample.csproj", "{8E0C7643-29E4-4C3D-BAD7-2882A9C9CA7D}"
EndProject
Project("{2150E333-8FDC-42A3-9474-1A3956D46DE8}") = "03-Methods-Functions", "03-Methods-Functions", "{433D8456-4BE6-19A4-D949-0FC3215F2A5A}"
EndProject
Project("{FAE04EC0-301F-11D3-BF4B-00C04F79EFBC}") = "MethodsFunctions.Sample", "01-Fundamentals\03-Methods-Functions\MethodsFunctions.Sample\MethodsFunctions.Sample.csproj", "{626E53FF-6E8A-4800-A37B-A49D9C644685}"
EndProject
Project("{2150E333-8FDC-42A3-9474-1A3956D46DE8}") = "04-String-DateTime-Math", "04-String-DateTime-Math", "{96AA9C3D-CAFC-D635-F2DC-BE1EF645947F}"
EndProject
Project("{FAE04EC0-301F-11D3-BF4B-00C04F79EFBC}") = "StringDateTimeMath.Sample", "01-Fundamentals\04-String-DateTime-Math\StringDateTimeMath.Sample\StringDateTimeMath.Sample.csproj", "{8FD0AC12-3E30-4DEC-8F44-BC4A773DF838}"
EndProject
Project("{2150E333-8FDC-42A3-9474-1A3956D46DE8}") = "05-Arrays-Collections", "05-Arrays-Collections", "{BD1F4606-091C-8F09-348E-E1D322ED0AFD}"
EndProject
Project("{FAE04EC0-301F-11D3-BF4B-00C04F79EFBC}") = "ArraysCollections.Sample", "01-Fundamentals\05-Arrays-Collections\ArraysCollections.Sample\ArraysCollections.Sample.csproj", "{92AC6166-76A1-4A5D-9B39-D8197917C020}"
EndProject
Project("{2150E333-8FDC-42A3-9474-1A3956D46DE8}") = "02-Object-Oriented", "02-Object-Oriented", "{27779721-3D82-1DE9-BD3C-D533538A77DA}"
EndProject
Project("{2150E333-8FDC-42A3-9474-1A3956D46DE8}") = "06-Classes-Objects", "06-Classes-Objects", "{527E687D-495B-9DBF-143A-4005CFA1D2AD}"
EndProject
Project("{FAE04EC0-301F-11D3-BF4B-00C04F79EFBC}") = "ClassesObjects.Sample", "02-Object-Oriented\06-Classes-Objects\ClassesObjects.Sample\ClassesObjects.Sample.csproj", "{B387BC5E-AA12-47C7-B584-D68F62DBCBD0}"
EndProject
Project("{2150E333-8FDC-42A3-9474-1A3956D46DE8}") = "07-Inheritance", "07-Inheritance", "{8CE5F6D1-EB48-9901-831B-6FF70D726C2C}"
EndProject
Project("{FAE04EC0-301F-11D3-BF4B-00C04F79EFBC}") = "Inheritance.Sample", "02-Object-Oriented\07-Inheritance\Inheritance.Sample\Inheritance.Sample.csproj", "{3B38ED8B-A8CD-4E78-A50D-CBE72A4D0D6E}"
EndProject
Project("{2150E333-8FDC-42A3-9474-1A3956D46DE8}") = "08-Interfaces-Abstract", "08-Interfaces-Abstract", "{991C35F3-7DED-22CD-C041-E34D7F157E75}"
EndProject
Project("{FAE04EC0-301F-11D3-BF4B-00C04F79EFBC}") = "InterfacesAbstract.Sample", "02-Object-Oriented\08-Interfaces-Abstract\InterfacesAbstract.Sample\InterfacesAbstract.Sample.csproj", "{A15A56A8-6884-4965-8D95-CE55C2740CB0}"
EndProject
Project("{2150E333-8FDC-42A3-9474-1A3956D46DE8}") = "09-Polymorphism-Encapsulation", "09-Polymorphism-Encapsulation", "{B1706209-5CBD-CFEA-831F-267E7842171D}"
EndProject
Project("{FAE04EC0-301F-11D3-BF4B-00C04F79EFBC}") = "PolymorphismEncapsulation.Sample", "02-Object-Oriented\09-Polymorphism-Encapsulation\PolymorphismEncapsulation.Sample\PolymorphismEncapsulation.Sample.csproj", "{51F7EF23-F4E1-48A1-B5A4-BFE52D55E25F}"
EndProject
Project("{2150E333-8FDC-42A3-9474-1A3956D46DE8}") = "10-Structs-Enums-Records", "10-Structs-Enums-Records", "{D045FCBA-5962-F8BF-33FD-44F0C2724359}"
EndProject
Project("{FAE04EC0-301F-11D3-BF4B-00C04F79EFBC}") = "StructsEnumsRecords.Sample", "02-Object-Oriented\10-Structs-Enums-Records\StructsEnumsRecords.Sample\StructsEnumsRecords.Sample.csproj", "{24E03DA4-3897-4497-B344-AAEAC747DF8E}"
EndProject
Project("{2150E333-8FDC-42A3-9474-1A3956D46DE8}") = "03-Advanced-CSharp", "03-Advanced-CSharp", "{416D8A70-90FD-E8D1-0E13-787CBA766CDF}"
EndProject
Project("{2150E333-8FDC-42A3-9474-1A3956D46DE8}") = "11-Generics", "11-Generics", "{9CD6A7E5-C148-E972-91C8-310AE391256D}"
EndProject
Project("{FAE04EC0-301F-11D3-BF4B-00C04F79EFBC}") = "Generics.Sample", "03-Advanced-CSharp\11-Generics\Generics.Sample\Generics.Sample.csproj", "{D808B2A6-B8D3-4A93-8E0F-2261DBB41997}"
EndProject
Project("{2150E333-8FDC-42A3-9474-1A3956D46DE8}") = "12-Delegates-Events", "12-Delegates-Events", "{740DF83F-256F-F980-D849-B8D3B3319AB0}"
EndProject
Project("{FAE04EC0-301F-11D3-BF4B-00C04F79EFBC}") = "DelegatesEvents.Sample", "03-Advanced-CSharp\12-Delegates-Events\DelegatesEvents.Sample\DelegatesEvents.Sample.csproj", "{B6FBFF3E-50DD-47FD-BD51-2C6A8B411A66}"
EndProject
Project("{2150E333-8FDC-42A3-9474-1A3956D46DE8}") = "13-LINQ-Queries", "13-LINQ-Queries", "{BF36FC39-03FE-2BEF-8478-07B3FC248610}"
EndProject
Project("{FAE04EC0-301F-11D3-BF4B-00C04F79EFBC}") = "LinqQueries.Sample", "03-Advanced-CSharp\13-LINQ-Queries\LinqQueries.Sample\LinqQueries.Sample.csproj", "{96AAEE05-7F88-45B9-A972-E569EEC6422F}"
EndProject
Project("{2150E333-8FDC-42A3-9474-1A3956D46DE8}") = "14-Exception-Handling", "14-Exception-Handling", "{2EAE4D32-4BBC-ABA6-9B22-311BFDE199EB}"
EndProject
Project("{FAE04EC0-301F-11D3-BF4B-00C04F79EFBC}") = "ExceptionHandling.Sample", "03-Advanced-CSharp\14-Exception-Handling\ExceptionHandling.Sample\ExceptionHandling.Sample.csproj", "{3BF7ACF2-C9C8-4F7F-953C-FC7C70A4E992}"
EndProject
Project("{2150E333-8FDC-42A3-9474-1A3956D46DE8}") = "15-Async-Programming", "15-Async-Programming", "{67FB15A5-320C-919D-1078-BB2EC03C1CD4}"
EndProject
Project("{FAE04EC0-301F-11D3-BF4B-00C04F79EFBC}") = "AsyncProgramming.Sample", "03-Advanced-CSharp\15-Async-Programming\AsyncProgramming.Sample\AsyncProgramming.Sample.csproj", "{79C00A2B-6CD1-4644-B1CE-2F352D51E3A8}"
EndProject
Project("{2150E333-8FDC-42A3-9474-1A3956D46DE8}") = "16-Reflection-Attributes", "16-Reflection-Attributes", "{9A4A57C6-71B3-0620-98E5-8F767B82720B}"
EndProject
Project("{FAE04EC0-301F-11D3-BF4B-00C04F79EFBC}") = "ReflectionAttributes.Sample", "03-Advanced-CSharp\16-Reflection-Attributes\ReflectionAttributes.Sample\ReflectionAttributes.Sample.csproj", "{6D7D9485-69A6-4531-9785-842D1100B95E}"
EndProject
Project("{2150E333-8FDC-42A3-9474-1A3956D46DE8}") = "04-DotNet-Ecosystem", "04-DotNet-Ecosystem", "{56C9EC0D-040C-DA80-6115-6008C794AB73}"
EndProject
Project("{2150E333-8FDC-42A3-9474-1A3956D46DE8}") = "17-Dependency-Injection", "17-Dependency-Injection", "{68BC6FE3-04DA-26D6-CF0E-5027AE79E005}"
EndProject
Project("{FAE04EC0-301F-11D3-BF4B-00C04F79EFBC}") = "DependencyInjection.Sample", "04-DotNet-Ecosystem\17-Dependency-Injection\DependencyInjection.Sample\DependencyInjection.Sample.csproj", "{A086C831-1C3A-4830-9D10-B9AD3F7F526D}"
EndProject
Project("{2150E333-8FDC-42A3-9474-1A3956D46DE8}") = "18-Config-Logging", "18-Config-Logging", "{B8304CB3-AFB0-1D82-CA89-BA01EFEB1F9F}"
EndProject
Project("{FAE04EC0-301F-11D3-BF4B-00C04F79EFBC}") = "ConfigLogging.Sample", "04-DotNet-Ecosystem\18-Config-Logging\ConfigLogging.Sample\ConfigLogging.Sample.csproj", "{0E79F592-01E7-4802-93AD-36A0B9A6FB09}"
EndProject
Project("{2150E333-8FDC-42A3-9474-1A3956D46DE8}") = "19-File-IO-Serialization", "19-File-IO-Serialization", "{3428F321-B085-6871-FFAB-BCB27B88CE2E}"
EndProject
Project("{FAE04EC0-301F-11D3-BF4B-00C04F79EFBC}") = "FileIOSerialization.Sample", "04-DotNet-Ecosystem\19-File-IO-Serialization\FileIOSerialization.Sample\FileIOSerialization.Sample.csproj", "{43D73735-64DF-48E7-A4C5-A8865C3AFEE2}"
EndProject
Project("{2150E333-8FDC-42A3-9474-1A3956D46DE8}") = "05-Data-Access", "05-Data-Access", "{F6A4D074-844D-E38A-782E-ECFECFC8E781}"
EndProject
Project("{2150E333-8FDC-42A3-9474-1A3956D46DE8}") = "20-AdoNet-Basics", "20-AdoNet-Basics", "{F870AEB3-A1AF-1F59-7306-A2913B5ADFF1}"
EndProject
Project("{FAE04EC0-301F-11D3-BF4B-00C04F79EFBC}") = "AdoNetBasics.Sample", "05-Data-Access\20-AdoNet-Basics\AdoNetBasics.Sample\AdoNetBasics.Sample.csproj", "{7F655316-5701-4EC2-9040-0A9728F91F3E}"
EndProject
Project("{2150E333-8FDC-42A3-9474-1A3956D46DE8}") = "21-EFCore-Fundamentals", "21-EFCore-Fundamentals", "{2CAD1C5A-8FE1-A30F-22C9-DBCE9EFBE9CE}"
EndProject
Project("{FAE04EC0-301F-11D3-BF4B-00C04F79EFBC}") = "EFCoreFundamentals.Sample", "05-Data-Access\21-EFCore-Fundamentals\EFCoreFundamentals.Sample\EFCoreFundamentals.Sample.csproj", "{C837D184-195A-40AF-B94A-811BC93F4C7F}"
EndProject
Project("{2150E333-8FDC-42A3-9474-1A3956D46DE8}") = "22-EFCore-Relations", "22-EFCore-Relations", "{89BF0866-F4B4-B1B6-575C-B4D0A5E2CAB3}"
EndProject
Project("{FAE04EC0-301F-11D3-BF4B-00C04F79EFBC}") = "EFCoreRelations.Sample", "05-Data-Access\22-EFCore-Relations\EFCoreRelations.Sample\EFCoreRelations.Sample.csproj", "{ABB4FA04-F7D3-4BDD-AE95-768D2EAF2FC6}"
EndProject
Project("{2150E333-8FDC-42A3-9474-1A3956D46DE8}") = "23-EFCore-Migrations", "23-EFCore-Migrations", "{BA7050BC-6D3B-6D4B-2F14-0FBCD6BB622E}"
EndProject
Project("{FAE04EC0-301F-11D3-BF4B-00C04F79EFBC}") = "EFCoreMigrations.Sample", "05-Data-Access\23-EFCore-Migrations\EFCoreMigrations.Sample\EFCoreMigrations.Sample.csproj", "{7E64E4C7-1E78-4F0F-9B12-95D54CB024CC}"
EndProject
Project("{2150E333-8FDC-42A3-9474-1A3956D46DE8}") = "24-Dapper-MiniORM", "24-Dapper-MiniORM", "{36DDCEFA-BC4A-7647-C0D5-2968D552D6F6}"
EndProject
Project("{FAE04EC0-301F-11D3-BF4B-00C04F79EFBC}") = "DapperMiniORM.Sample", "05-Data-Access\24-Dapper-MiniORM\DapperMiniORM.Sample\DapperMiniORM.Sample.csproj", "{BACE609F-1525-4A08-B41F-19145B73B320}"
EndProject
Project("{2150E333-8FDC-42A3-9474-1A3956D46DE8}") = "06-Web-Development", "06-Web-Development", "{D64A0EBC-EDB3-A1C2-147E-2D9A2D22D7BC}"
EndProject
Project("{2150E333-8FDC-42A3-9474-1A3956D46DE8}") = "25-AspNetCore-WebAPI", "25-AspNetCore-WebAPI", "{83E793AB-9A1C-CB6E-9EC3-7B7E899B2E43}"
EndProject
Project("{FAE04EC0-301F-11D3-BF4B-00C04F79EFBC}") = "AspNetCoreWebAPI.Sample", "06-Web-Development\25-AspNetCore-WebAPI\AspNetCoreWebAPI.Sample\AspNetCoreWebAPI.Sample.csproj", "{B9EEF857-3487-4C27-A637-5D28BFF8B68A}"
EndProject
Project("{2150E333-8FDC-42A3-9474-1A3956D46DE8}") = "26-AspNetCore-MVC", "26-AspNetCore-MVC", "{17A8CBBB-2442-6A26-D5AA-F47A07809904}"
EndProject
Project("{FAE04EC0-301F-11D3-BF4B-00C04F79EFBC}") = "AspNetCoreMVC.Sample", "06-Web-Development\26-AspNetCore-MVC\AspNetCoreMVC.Sample\AspNetCoreMVC.Sample.csproj", "{8B197BE9-11FB-46DE-B00B-0C7504BE80E8}"
EndProject
Project("{2150E333-8FDC-42A3-9474-1A3956D46DE8}") = "27-AspNetCore-Middleware", "27-AspNetCore-Middleware", "{83181811-1332-4DCE-0566-69ED20BCEABD}"
EndProject
Project("{FAE04EC0-301F-11D3-BF4B-00C04F79EFBC}") = "AspNetCoreMiddleware.Sample", "06-Web-Development\27-AspNetCore-Middleware\AspNetCoreMiddleware.Sample\AspNetCoreMiddleware.Sample.csproj", "{8ABDD580-8585-4DBC-92ED-A6FB8B310B7E}"
EndProject
Project("{2150E333-8FDC-42A3-9474-1A3956D46DE8}") = "28-AspNetCore-Authentication", "28-AspNetCore-Authentication", "{8A160919-2035-BD47-1D11-9170D5D2C7E3}"
EndProject
Project("{FAE04EC0-301F-11D3-BF4B-00C04F79EFBC}") = "AspNetCoreAuthentication.Sample", "06-Web-Development\28-AspNetCore-Authentication\AspNetCoreAuthentication.Sample\AspNetCoreAuthentication.Sample.csproj", "{CCED6526-99EC-4416-808E-857BDAAD4FF0}"
EndProject
Global
	GlobalSection(SolutionConfigurationPlatforms) = preSolution
		Debug|Any CPU = Debug|Any CPU
		Debug|x64 = Debug|x64
		Debug|x86 = Debug|x86
		Release|Any CPU = Release|Any CPU
		Release|x64 = Release|x64
		Release|x86 = Release|x86
	EndGlobalSection
	GlobalSection(ProjectConfigurationPlatforms) = postSolution
		{00F97074-CED9-464E-8A45-D5E832B9306D}.Debug|Any CPU.ActiveCfg = Debug|Any CPU
		{00F97074-CED9-464E-8A45-D5E832B9306D}.Debug|Any CPU.Build.0 = Debug|Any CPU
		{00F97074-CED9-464E-8A45-D5E832B9306D}.Debug|x64.ActiveCfg = Debug|Any CPU
		{00F97074-CED9-464E-8A45-D5E832B9306D}.Debug|x64.Build.0 = Debug|Any CPU
		{00F97074-CED9-464E-8A45-D5E832B9306D}.Debug|x86.ActiveCfg = Debug|Any CPU
		{00F97074-CED9-464E-8A45-D5E832B9306D}.Debug|x86.Build.0 = Debug|Any CPU
		{00F97074-CED9-464E-8A45-D5E832B9306D}.Release|Any CPU.ActiveCfg = Release|Any CPU
		{00F97074-CED9-464E-8A45-D5E832B9306D}.Release|Any CPU.Build.0 = Release|Any CPU
		{00F97074-CED9-464E-8A45-D5E832B9306D}.Release|x64.ActiveCfg = Release|Any CPU
		{00F97074-CED9-464E-8A45-D5E832B9306D}.Release|x64.Build.0 = Release|Any CPU
		{00F97074-CED9-464E-8A45-D5E832B9306D}.Release|x86.ActiveCfg = Release|Any CPU
		{00F97074-CED9-464E-8A45-D5E832B9306D}.Release|x86.Build.0 = Release|Any CPU
		{8E0C7643-29E4-4C3D-BAD7-2882A9C9CA7D}.Debug|Any CPU.ActiveCfg = Debug|Any CPU
		{8E0C7643-29E4-4C3D-BAD7-2882A9C9CA7D}.Debug|Any CPU.Build.0 = Debug|Any CPU
		{8E0C7643-29E4-4C3D-BAD7-2882A9C9CA7D}.Debug|x64.ActiveCfg = Debug|Any CPU
		{8E0C7643-29E4-4C3D-BAD7-2882A9C9CA7D}.Debug|x64.Build.0 = Debug|Any CPU
		{8E0C7643-29E4-4C3D-BAD7-2882A9C9CA7D}.Debug|x86.ActiveCfg = Debug|Any CPU
		{8E0C7643-29E4-4C3D-BAD7-2882A9C9CA7D}.Debug|x86.Build.0 = Debug|Any CPU
		{8E0C7643-29E4-4C3D-BAD7-2882A9C9CA7D}.Release|Any CPU.ActiveCfg = Release|Any CPU
		{8E0C7643-29E4-4C3D-BAD7-2882A9C9CA7D}.Release|Any CPU.Build.0 = Release|Any CPU
		{8E0C7643-29E4-4C3D-BAD7-2882A9C9CA7D}.Release|x64.ActiveCfg = Release|Any CPU
		{8E0C7643-29E4-4C3D-BAD7-2882A9C9CA7D}.Release|x64.Build.0 = Release|Any CPU
		{8E0C7643-29E4-4C3D-BAD7-2882A9C9CA7D}.Release|x86.ActiveCfg = Release|Any CPU
		{8E0C7643-29E4-4C3D-BAD7-2882A9C9CA7D}.Release|x86.Build.0 = Release|Any CPU
		{626E53FF-6E8A-4800-A37B-A49D9C644685}.Debug|Any CPU.ActiveCfg = Debug|Any CPU
		{626E53FF-6E8A-4800-A37B-A49D9C644685}.Debug|Any CPU.Build.0 = Debug|Any CPU
		{626E53FF-6E8A-4800-A37B-A49D9C644685}.Debug|x64.ActiveCfg = Debug|Any CPU
		{626E53FF-6E8A-4800-A37B-A49D9C644685}.Debug|x64.Build.0 = Debug|Any CPU
		{626E53FF-6E8A-4800-A37B-A49D9C644685}.Debug|x86.ActiveCfg = Debug|Any CPU
		{626E53FF-6E8A-4800-A37B-A49D9C644685}.Debug|x86.Build.0 = Debug|Any CPU
		{626E53FF-6E8A-4800-A37B-A49D9C644685}.Release|Any CPU.ActiveCfg = Release|Any CPU
		{626E53FF-6E8A-4800-A37B-A49D9C644685}.Release|Any CPU.Build.0 = Release|Any CPU
		{626E53FF-6E8A-4800-A37B-A49D9C644685}.Release|x64.ActiveCfg = Release|Any CPU
		{626E53FF-6E8A-4800-A37B-A49D9C644685}.Release|x64.Build.0 = Release|Any CPU
		{626E53FF-6E8A-4800-A37B-A49D9C644685}.Release|x86.ActiveCfg = Release|Any CPU
		{626E53FF-6E8A-4800-A37B-A49D9C644685}.Release|x86.Build.0 = Release|Any CPU
		{8FD0AC12-3E30-4DEC-8F44-BC4A773DF838}.Debug|Any CPU.ActiveCfg = Debug|Any CPU
		{8FD0AC12-3E30-4DEC-8F44-BC4A773DF838}.Debug|Any CPU.Build.0 = Debug|Any CPU
		{8FD0AC12-3E30-4DEC-8F44-BC4A773DF838}.Debug|x64.ActiveCfg = Debug|Any CPU
		{8FD0AC12-3E30-4DEC-8F44-BC4A773DF838}.Debug|x64.Build.0 = Debug|Any CPU
		{8FD0AC12-3E30-4DEC-8F44-BC4A773DF838}.Debug|x86.ActiveCfg = Debug|Any CPU
		{8FD0AC12-3E30-4DEC-8F44-BC4A773DF838}.Debug|x86.Build.0 = Debug|Any CPU
		{8FD0AC12-3E30-4DEC-8F44-BC4A773DF838}.Release|Any CPU.ActiveCfg = Release|Any CPU
		{8FD0AC12-3E30-4DEC-8F44-BC4A773DF838}.Release|Any CPU.Build.0 = Release|Any CPU
		{8FD0AC12-3E30-4DEC-8F44-BC4A773DF838}.Release|x64.ActiveCfg = Release|Any CPU
		{8FD0AC12-3E30-4DEC-8F44-BC4A773DF838}.Release|x64.Build.0 = Release|Any CPU
		{8FD0AC12-3E30-4DEC-8F44-BC4A773DF838}.Release|x86.ActiveCfg = Release|Any CPU
		{8FD0AC12-3E30-4DEC-8F44-BC4A773DF838}.Release|x86.Build.0 = Release|Any CPU
		{92AC6166-76A1-4A5D-9B39-D8197917C020}.Debug|Any CPU.ActiveCfg = Debug|Any CPU
		{92AC6166-76A1-4A5D-9B39-D8197917C020}.Debug|Any CPU.Build.0 = Debug|Any CPU
		{92AC6166-76A1-4A5D-9B39-D8197917C020}.Debug|x64.ActiveCfg = Debug|Any CPU
		{92AC6166-76A1-4A5D-9B39-D8197917C020}.Debug|x64.Build.0 = Debug|Any CPU
		{92AC6166-76A1-4A5D-9B39-D8197917C020}.Debug|x86.ActiveCfg = Debug|Any CPU
		{92AC6166-76A1-4A5D-9B39-D8197917C020}.Debug|x86.Build.0 = Debug|Any CPU
		{92AC6166-76A1-4A5D-9B39-D8197917C020}.Release|Any CPU.ActiveCfg = Release|Any CPU
		{92AC6166-76A1-4A5D-9B39-D8197917C020}.Release|Any CPU.Build.0 = Release|Any CPU
		{92AC6166-76A1-4A5D-9B39-D8197917C020}.Release|x64.ActiveCfg = Release|Any CPU
		{92AC6166-76A1-4A5D-9B39-D8197917C020}.Release|x64.Build.0 = Release|Any CPU
		{92AC6166-76A1-4A5D-9B39-D8197917C020}.Release|x86.ActiveCfg = Release|Any CPU
		{92AC6166-76A1-4A5D-9B39-D8197917C020}.Release|x86.Build.0 = Release|Any CPU
		{B387BC5E-AA12-47C7-B584-D68F62DBCBD0}.Debug|Any CPU.ActiveCfg = Debug|Any CPU
		{B387BC5E-AA12-47C7-B584-D68F62DBCBD0}.Debug|Any CPU.Build.0 = Debug|Any CPU
		{B387BC5E-AA12-47C7-B584-D68F62DBCBD0}.Debug|x64.ActiveCfg = Debug|Any CPU
		{B387BC5E-AA12-47C7-B584-D68F62DBCBD0}.Debug|x64.Build.0 = Debug|Any CPU
		{B387BC5E-AA12-47C7-B584-D68F62DBCBD0}.Debug|x86.ActiveCfg = Debug|Any CPU
		{B387BC5E-AA12-47C7-B584-D68F62DBCBD0}.Debug|x86.Build.0 = Debug|Any CPU
		{B387BC5E-AA12-47C7-B584-D68F62DBCBD0}.Release|Any CPU.ActiveCfg = Release|Any CPU
		{B387BC5E-AA12-47C7-B584-D68F62DBCBD0}.Release|Any CPU.Build.0 = Release|Any CPU
		{B387BC5E-AA12-47C7-B584-D68F62DBCBD0}.Release|x64.ActiveCfg = Release|Any CPU
		{B387BC5E-AA12-47C7-B584-D68F62DBCBD0}.Release|x64.Build.0 = Release|Any CPU
		{B387BC5E-AA12-47C7-B584-D68F62DBCBD0}.Release|x86.ActiveCfg = Release|Any CPU
		{B387BC5E-AA12-47C7-B584-D68F62DBCBD0}.Release|x86.Build.0 = Release|Any CPU
		{3B38ED8B-A8CD-4E78-A50D-CBE72A4D0D6E}.Debug|Any CPU.ActiveCfg = Debug|Any CPU
		{3B38ED8B-A8CD-4E78-A50D-CBE72A4D0D6E}.Debug|Any CPU.Build.0 = Debug|Any CPU
		{3B38ED8B-A8CD-4E78-A50D-CBE72A4D0D6E}.Debug|x64.ActiveCfg = Debug|Any CPU
		{3B38ED8B-A8CD-4E78-A50D-CBE72A4D0D6E}.Debug|x64.Build.0 = Debug|Any CPU
		{3B38ED8B-A8CD-4E78-A50D-CBE72A4D0D6E}.Debug|x86.ActiveCfg = Debug|Any CPU
		{3B38ED8B-A8CD-4E78-A50D-CBE72A4D0D6E}.Debug|x86.Build.0 = Debug|Any CPU
		{3B38ED8B-A8CD-4E78-A50D-CBE72A4D0D6E}.Release|Any CPU.ActiveCfg = Release|Any CPU
		{3B38ED8B-A8CD-4E78-A50D-CBE72A4D0D6E}.Release|Any CPU.Build.0 = Release|Any CPU
		{3B38ED8B-A8CD-4E78-A50D-CBE72A4D0D6E}.Release|x64.ActiveCfg = Release|Any CPU
		{3B38ED8B-A8CD-4E78-A50D-CBE72A4D0D6E}.Release|x64.Build.0 = Release|Any CPU
		{3B38ED8B-A8CD-4E78-A50D-CBE72A4D0D6E}.Release|x86.ActiveCfg = Release|Any CPU
		{3B38ED8B-A8CD-4E78-A50D-CBE72A4D0D6E}.Release|x86.Build.0 = Release|Any CPU
		{A15A56A8-6884-4965-8D95-CE55C2740CB0}.Debug|Any CPU.ActiveCfg = Debug|Any CPU
		{A15A56A8-6884-4965-8D95-CE55C2740CB0}.Debug|Any CPU.Build.0 = Debug|Any CPU
		{A15A56A8-6884-4965-8D95-CE55C2740CB0}.Debug|x64.ActiveCfg = Debug|Any CPU
		{A15A56A8-6884-4965-8D95-CE55C2740CB0}.Debug|x64.Build.0 = Debug|Any CPU
		{A15A56A8-6884-4965-8D95-CE55C2740CB0}.Debug|x86.ActiveCfg = Debug|Any CPU
		{A15A56A8-6884-4965-8D95-CE55C2740CB0}.Debug|x86.Build.0 = Debug|Any CPU
		{A15A56A8-6884-4965-8D95-CE55C2740CB0}.Release|Any CPU.ActiveCfg = Release|Any CPU
		{A15A56A8-6884-4965-8D95-CE55C2740CB0}.Release|Any CPU.Build.0 = Release|Any CPU
		{A15A56A8-6884-4965-8D95-CE55C2740CB0}.Release|x64.ActiveCfg = Release|Any CPU
		{A15A56A8-6884-4965-8D95-CE55C2740CB0}.Release|x64.Build.0 = Release|Any CPU
		{A15A56A8-6884-4965-8D95-CE55C2740CB0}.Release|x86.ActiveCfg = Release|Any CPU
		{A15A56A8-6884-4965-8D95-CE55C2740CB0}.Release|x86.Build.0 = Release|Any CPU
		{51F7EF23-F4E1-48A1-B5A4-BFE52D55E25F}.Debug|Any CPU.ActiveCfg = Debug|Any CPU
		{51F7EF23-F4E1-48A1-B5A4-BFE52D55E25F}.Debug|Any CPU.Build.0 = Debug|Any CPU
		{51F7EF23-F4E1-48A1-B5A4-BFE52D55E25F}.Debug|x64.ActiveCfg = Debug|Any CPU
		{51F7EF23-F4E1-48A1-B5A4-BFE52D55E25F}.Debug|x64.Build.0 = Debug|Any CPU
		{51F7EF23-F4E1-48A1-B5A4-BFE52D55E25F}.Debug|x86.ActiveCfg = Debug|Any CPU
		{51F7EF23-F4E1-48A1-B5A4-BFE52D55E25F}.Debug|x86.Build.0 = Debug|Any CPU
		{51F7EF23-F4E1-48A1-B5A4-BFE52D55E25F}.Release|Any CPU.ActiveCfg = Release|Any CPU
		{51F7EF23-F4E1-48A1-B5A4-BFE52D55E25F}.Release|Any CPU.Build.0 = Release|Any CPU
		{51F7EF23-F4E1-48A1-B5A4-BFE52D55E25F}.Release|x64.ActiveCfg = Release|Any CPU
		{51F7EF23-F4E1-48A1-B5A4-BFE52D55E25F}.Release|x64.Build.0 = Release|Any CPU
		{51F7EF23-F4E1-48A1-B5A4-BFE52D55E25F}.Release|x86.ActiveCfg = Release|Any CPU
		{51F7EF23-F4E1-48A1-B5A4-BFE52D55E25F}.Release|x86.Build.0 = Release|Any CPU
		{24E03DA4-3897-4497-B344-AAEAC747DF8E}.Debug|Any CPU.ActiveCfg = Debug|Any CPU
		{24E03DA4-3897-4497-B344-AAEAC747DF8E}.Debug|Any CPU.Build.0 = Debug|Any CPU
		{24E03DA4-3897-4497-B344-AAEAC747DF8E}.Debug|x64.ActiveCfg = Debug|Any CPU
		{24E03DA4-3897-4497-B344-AAEAC747DF8E}.Debug|x64.Build.0 = Debug|Any CPU
		{24E03DA4-3897-4497-B344-AAEAC747DF8E}.Debug|x86.ActiveCfg = Debug|Any CPU
		{24E03DA4-3897-4497-B344-AAEAC747DF8E}.Debug|x86.Build.0 = Debug|Any CPU
		{24E03DA4-3897-4497-B344-AAEAC747DF8E}.Release|Any CPU.ActiveCfg = Release|Any CPU
		{24E03DA4-3897-4497-B344-AAEAC747DF8E}.Release|Any CPU.Build.0 = Release|Any CPU
		{24E03DA4-3897-4497-B344-AAEAC747DF8E}.Release|x64.ActiveCfg = Release|Any CPU
		{24E03DA4-3897-4497-B344-AAEAC747DF8E}.Release|x64.Build.0 = Release|Any CPU
		{24E03DA4-3897-4497-B344-AAEAC747DF8E}.Release|x86.ActiveCfg = Release|Any CPU
		{24E03DA4-3897-4497-B344-AAEAC747DF8E}.Release|x86.Build.0 = Release|Any CPU
		{D808B2A6-B8D3-4A93-8E0F-2261DBB41997}.Debug|Any CPU.ActiveCfg = Debug|Any CPU
		{D808B2A6-B8D3-4A93-8E0F-2261DBB41997}.Debug|Any CPU.Build.0 = Debug|Any CPU
		{D808B2A6-B8D3-4A93-8E0F-2261DBB41997}.Debug|x64.ActiveCfg = Debug|Any CPU
		{D808B2A6-B8D3-4A93-8E0F-2261DBB41997}.Debug|x64.Build.0 = Debug|Any CPU
		{D808B2A6-B8D3-4A93-8E0F-2261DBB41997}.Debug|x86.ActiveCfg = Debug|Any CPU
		{D808B2A6-B8D3-4A93-8E0F-2261DBB41997}.Debug|x86.Build.0 = Debug|Any CPU
		{D808B2A6-B8D3-4A93-8E0F-2261DBB41997}.Release|Any CPU.ActiveCfg = Release|Any CPU
		{D808B2A6-B8D3-4A93-8E0F-2261DBB41997}.Release|Any CPU.Build.0 = Release|Any CPU
		{D808B2A6-B8D3-4A93-8E0F-2261DBB41997}.Release|x64.ActiveCfg = Release|Any CPU
		{D808B2A6-B8D3-4A93-8E0F-2261DBB41997}.Release|x64.Build.0 = Release|Any CPU
		{D808B2A6-B8D3-4A93-8E0F-2261DBB41997}.Release|x86.ActiveCfg = Release|Any CPU
		{D808B2A6-B8D3-4A93-8E0F-2261DBB41997}.Release|x86.Build.0 = Release|Any CPU
		{B6FBFF3E-50DD-47FD-BD51-2C6A8B411A66}.Debug|Any CPU.ActiveCfg = Debug|Any CPU
		{B6FBFF3E-50DD-47FD-BD51-2C6A8B411A66}.Debug|Any CPU.Build.0 = Debug|Any CPU
		{B6FBFF3E-50DD-47FD-BD51-2C6A8B411A66}.Debug|x64.ActiveCfg = Debug|Any CPU
		{B6FBFF3E-50DD-47FD-BD51-2C6A8B411A66}.Debug|x64.Build.0 = Debug|Any CPU
		{B6FBFF3E-50DD-47FD-BD51-2C6A8B411A66}.Debug|x86.ActiveCfg = Debug|Any CPU
		{B6FBFF3E-50DD-47FD-BD51-2C6A8B411A66}.Debug|x86.Build.0 = Debug|Any CPU
		{B6FBFF3E-50DD-47FD-BD51-2C6A8B411A66}.Release|Any CPU.ActiveCfg = Release|Any CPU
		{B6FBFF3E-50DD-47FD-BD51-2C6A8B411A66}.Release|Any CPU.Build.0 = Release|Any CPU
		{B6FBFF3E-50DD-47FD-BD51-2C6A8B411A66}.Release|x64.ActiveCfg = Release|Any CPU
		{B6FBFF3E-50DD-47FD-BD51-2C6A8B411A66}.Release|x64.Build.0 = Release|Any CPU
		{B6FBFF3E-50DD-47FD-BD51-2C6A8B411A66}.Release|x86.ActiveCfg = Release|Any CPU
		{B6FBFF3E-50DD-47FD-BD51-2C6A8B411A66}.Release|x86.Build.0 = Release|Any CPU
		{96AAEE05-7F88-45B9-A972-E569EEC6422F}.Debug|Any CPU.ActiveCfg = Debug|Any CPU
		{96AAEE05-7F88-45B9-A972-E569EEC6422F}.Debug|Any CPU.Build.0 = Debug|Any CPU
		{96AAEE05-7F88-45B9-A972-E569EEC6422F}.Debug|x64.ActiveCfg = Debug|Any CPU
		{96AAEE05-7F88-45B9-A972-E569EEC6422F}.Debug|x64.Build.0 = Debug|Any CPU
		{96AAEE05-7F88-45B9-A972-E569EEC6422F}.Debug|x86.ActiveCfg = Debug|Any CPU
		{96AAEE05-7F88-45B9-A972-E569EEC6422F}.Debug|x86.Build.0 = Debug|Any CPU
		{96AAEE05-7F88-45B9-A972-E569EEC6422F}.Release|Any CPU.ActiveCfg = Release|Any CPU
		{96AAEE05-7F88-45B9-A972-E569EEC6422F}.Release|Any CPU.Build.0 = Release|Any CPU
		{96AAEE05-7F88-45B9-A972-E569EEC6422F}.Release|x64.ActiveCfg = Release|Any CPU
		{96AAEE05-7F88-45B9-A972-E569EEC6422F}.Release|x64.Build.0 = Release|Any CPU
		{96AAEE05-7F88-45B9-A972-E569EEC6422F}.Release|x86.ActiveCfg = Release|Any CPU
		{96AAEE05-7F88-45B9-A972-E569EEC6422F}.Release|x86.Build.0 = Release|Any CPU
		{3BF7ACF2-C9C8-4F7F-953C-FC7C70A4E992}.Debug|Any CPU.ActiveCfg = Debug|Any CPU
		{3BF7ACF2-C9C8-4F7F-953C-FC7C70A4E992}.Debug|Any CPU.Build.0 = Debug|Any CPU
		{3BF7ACF2-C9C8-4F7F-953C-FC7C70A4E992}.Debug|x64.ActiveCfg = Debug|Any CPU
		{3BF7ACF2-C9C8-4F7F-953C-FC7C70A4E992}.Debug|x64.Build.0 = Debug|Any CPU
		{3BF7ACF2-C9C8-4F7F-953C-FC7C70A4E992}.Debug|x86.ActiveCfg = Debug|Any CPU
		{3BF7ACF2-C9C8-4F7F-953C-FC7C70A4E992}.Debug|x86.Build.0 = Debug|Any CPU
		{3BF7ACF2-C9C8-4F7F-953C-FC7C70A4E992}.Release|Any CPU.ActiveCfg = Release|Any CPU
		{3BF7ACF2-C9C8-4F7F-953C-FC7C70A4E992}.Release|Any CPU.Build.0 = Release|Any CPU
		{3BF7ACF2-C9C8-4F7F-953C-FC7C70A4E992}.Release|x64.ActiveCfg = Release|Any CPU
		{3BF7ACF2-C9C8-4F7F-953C-FC7C70A4E992}.Release|x64.Build.0 = Release|Any CPU
		{3BF7ACF2-C9C8-4F7F-953C-FC7C70A4E992}.Release|x86.ActiveCfg = Release|Any CPU
		{3BF7ACF2-C9C8-4F7F-953C-FC7C70A4E992}.Release|x86.Build.0 = Release|Any CPU
		{79C00A2B-6CD1-4644-B1CE-2F352D51E3A8}.Debug|Any CPU.ActiveCfg = Debug|Any CPU
		{79C00A2B-6CD1-4644-B1CE-2F352D51E3A8}.Debug|Any CPU.Build.0 = Debug|Any CPU
		{79C00A2B-6CD1-4644-B1CE-2F352D51E3A8}.Debug|x64.ActiveCfg = Debug|Any CPU
		{79C00A2B-6CD1-4644-B1CE-2F352D51E3A8}.Debug|x64.Build.0 = Debug|Any CPU
		{79C00A2B-6CD1-4644-B1CE-2F352D51E3A8}.Debug|x86.ActiveCfg = Debug|Any CPU
		{79C00A2B-6CD1-4644-B1CE-2F352D51E3A8}.Debug|x86.Build.0 = Debug|Any CPU
		{79C00A2B-6CD1-4644-B1CE-2F352D51E3A8}.Release|Any CPU.ActiveCfg = Release|Any CPU
		{79C00A2B-6CD1-4644-B1CE-2F352D51E3A8}.Release|Any CPU.Build.0 = Release|Any CPU
		{79C00A2B-6CD1-4644-B1CE-2F352D51E3A8}.Release|x64.ActiveCfg = Release|Any CPU
		{79C00A2B-6CD1-4644-B1CE-2F352D51E3A8}.Release|x64.Build.0 = Release|Any CPU
		{79C00A2B-6CD1-4644-B1CE-2F352D51E3A8}.Release|x86.ActiveCfg = Release|Any CPU
		{79C00A2B-6CD1-4644-B1CE-2F352D51E3A8}.Release|x86.Build.0 = Release|Any CPU
		{6D7D9485-69A6-4531-9785-842D1100B95E}.Debug|Any CPU.ActiveCfg = Debug|Any CPU
		{6D7D9485-69A6-4531-9785-842D1100B95E}.Debug|Any CPU.Build.0 = Debug|Any CPU
		{6D7D9485-69A6-4531-9785-842D1100B95E}.Debug|x64.ActiveCfg = Debug|Any CPU
		{6D7D9485-69A6-4531-9785-842D1100B95E}.Debug|x64.Build.0 = Debug|Any CPU
		{6D7D9485-69A6-4531-9785-842D1100B95E}.Debug|x86.ActiveCfg = Debug|Any CPU
		{6D7D9485-69A6-4531-9785-842D1100B95E}.Debug|x86.Build.0 = Debug|Any CPU
		{6D7D9485-69A6-4531-9785-842D1100B95E}.Release|Any CPU.ActiveCfg = Release|Any CPU
		{6D7D9485-69A6-4531-9785-842D1100B95E}.Release|Any CPU.Build.0 = Release|Any CPU
		{6D7D9485-69A6-4531-9785-842D1100B95E}.Release|x64.ActiveCfg = Release|Any CPU
		{6D7D9485-69A6-4531-9785-842D1100B95E}.Release|x64.Build.0 = Release|Any CPU
		{6D7D9485-69A6-4531-9785-842D1100B95E}.Release|x86.ActiveCfg = Release|Any CPU
		{6D7D9485-69A6-4531-9785-842D1100B95E}.Release|x86.Build.0 = Release|Any CPU
		{A086C831-1C3A-4830-9D10-B9AD3F7F526D}.Debug|Any CPU.ActiveCfg = Debug|Any CPU
		{A086C831-1C3A-4830-9D10-B9AD3F7F526D}.Debug|Any CPU.Build.0 = Debug|Any CPU
		{A086C831-1C3A-4830-9D10-B9AD3F7F526D}.Debug|x64.ActiveCfg = Debug|Any CPU
		{A086C831-1C3A-4830-9D10-B9AD3F7F526D}.Debug|x64.Build.0 = Debug|Any CPU
		{A086C831-1C3A-4830-9D10-B9AD3F7F526D}.Debug|x86.ActiveCfg = Debug|Any CPU
		{A086C831-1C3A-4830-9D10-B9AD3F7F526D}.Debug|x86.Build.0 = Debug|Any CPU
		{A086C831-1C3A-4830-9D10-B9AD3F7F526D}.Release|Any CPU.ActiveCfg = Release|Any CPU
		{A086C831-1C3A-4830-9D10-B9AD3F7F526D}.Release|Any CPU.Build.0 = Release|Any CPU
		{A086C831-1C3A-4830-9D10-B9AD3F7F526D}.Release|x64.ActiveCfg = Release|Any CPU
		{A086C831-1C3A-4830-9D10-B9AD3F7F526D}.Release|x64.Build.0 = Release|Any CPU
		{A086C831-1C3A-4830-9D10-B9AD3F7F526D}.Release|x86.ActiveCfg = Release|Any CPU
		{A086C831-1C3A-4830-9D10-B9AD3F7F526D}.Release|x86.Build.0 = Release|Any CPU
		{0E79F592-01E7-4802-93AD-36A0B9A6FB09}.Debug|Any CPU.ActiveCfg = Debug|Any CPU
		{0E79F592-01E7-4802-93AD-36A0B9A6FB09}.Debug|Any CPU.Build.0 = Debug|Any CPU
		{0E79F592-01E7-4802-93AD-36A0B9A6FB09}.Debug|x64.ActiveCfg = Debug|Any CPU
		{0E79F592-01E7-4802-93AD-36A0B9A6FB09}.Debug|x64.Build.0 = Debug|Any CPU
		{0E79F592-01E7-4802-93AD-36A0B9A6FB09}.Debug|x86.ActiveCfg = Debug|Any CPU
		{0E79F592-01E7-4802-93AD-36A0B9A6FB09}.Debug|x86.Build.0 = Debug|Any CPU
		{0E79F592-01E7-4802-93AD-36A0B9A6FB09}.Release|Any CPU.ActiveCfg = Release|Any CPU
		{0E79F592-01E7-4802-93AD-36A0B9A6FB09}.Release|Any CPU.Build.0 = Release|Any CPU
		{0E79F592-01E7-4802-93AD-36A0B9A6FB09}.Release|x64.ActiveCfg = Release|Any CPU
		{0E79F592-01E7-4802-93AD-36A0B9A6FB09}.Release|x64.Build.0 = Release|Any CPU
		{0E79F592-01E7-4802-93AD-36A0B9A6FB09}.Release|x86.ActiveCfg = Release|Any CPU
		{0E79F592-01E7-4802-93AD-36A0B9A6FB09}.Release|x86.Build.0 = Release|Any CPU
		{43D73735-64DF-48E7-A4C5-A8865C3AFEE2}.Debug|Any CPU.ActiveCfg = Debug|Any CPU
		{43D73735-64DF-48E7-A4C5-A8865C3AFEE2}.Debug|Any CPU.Build.0 = Debug|Any CPU
		{43D73735-64DF-48E7-A4C5-A8865C3AFEE2}.Debug|x64.ActiveCfg = Debug|Any CPU
		{43D73735-64DF-48E7-A4C5-A8865C3AFEE2}.Debug|x64.Build.0 = Debug|Any CPU
		{43D73735-64DF-48E7-A4C5-A8865C3AFEE2}.Debug|x86.ActiveCfg = Debug|Any CPU
		{43D73735-64DF-48E7-A4C5-A8865C3AFEE2}.Debug|x86.Build.0 = Debug|Any CPU
		{43D73735-64DF-48E7-A4C5-A8865C3AFEE2}.Release|Any CPU.ActiveCfg = Release|Any CPU
		{43D73735-64DF-48E7-A4C5-A8865C3AFEE2}.Release|Any CPU.Build.0 = Release|Any CPU
		{43D73735-64DF-48E7-A4C5-A8865C3AFEE2}.Release|x64.ActiveCfg = Release|Any CPU
		{43D73735-64DF-48E7-A4C5-A8865C3AFEE2}.Release|x64.Build.0 = Release|Any CPU
		{43D73735-64DF-48E7-A4C5-A8865C3AFEE2}.Release|x86.ActiveCfg = Release|Any CPU
		{43D73735-64DF-48E7-A4C5-A8865C3AFEE2}.Release|x86.Build.0 = Release|Any CPU
		{7F655316-5701-4EC2-9040-0A9728F91F3E}.Debug|Any CPU.ActiveCfg = Debug|Any CPU
		{7F655316-5701-4EC2-9040-0A9728F91F3E}.Debug|Any CPU.Build.0 = Debug|Any CPU
		{7F655316-5701-4EC2-9040-0A9728F91F3E}.Debug|x64.ActiveCfg = Debug|Any CPU
		{7F655316-5701-4EC2-9040-0A9728F91F3E}.Debug|x64.Build.0 = Debug|Any CPU
		{7F655316-5701-4EC2-9040-0A9728F91F3E}.Debug|x86.ActiveCfg = Debug|Any CPU
		{7F655316-5701-4EC2-9040-0A9728F91F3E}.Debug|x86.Build.0 = Debug|Any CPU
		{7F655316-5701-4EC2-9040-0A9728F91F3E}.Release|Any CPU.ActiveCfg = Release|Any CPU
		{7F655316-5701-4EC2-9040-0A9728F91F3E}.Release|Any CPU.Build.0 = Release|Any CPU
		{7F655316-5701-4EC2-9040-0A9728F91F3E}.Release|x64.ActiveCfg = Release|Any CPU
		{7F655316-5701-4EC2-9040-0A9728F91F3E}.Release|x64.Build.0 = Release|Any CPU
		{7F655316-5701-4EC2-9040-0A9728F91F3E}.Release|x86.ActiveCfg = Release|Any CPU
		{7F655316-5701-4EC2-9040-0A9728F91F3E}.Release|x86.Build.0 = Release|Any CPU
		{C837D184-195A-40AF-B94A-811BC93F4C7F}.Debug|Any CPU.ActiveCfg = Debug|Any CPU
		{C837D184-195A-40AF-B94A-811BC93F4C7F}.Debug|Any CPU.Build.0 = Debug|Any CPU
		{C837D184-195A-40AF-B94A-811BC93F4C7F}.Debug|x64.ActiveCfg = Debug|Any CPU
		{C837D184-195A-40AF-B94A-811BC93F4C7F}.Debug|x64.Build.0 = Debug|Any CPU
		{C837D184-195A-40AF-B94A-811BC93F4C7F}.Debug|x86.ActiveCfg = Debug|Any CPU
		{C837D184-195A-40AF-B94A-811BC93F4C7F}.Debug|x86.Build.0 = Debug|Any CPU
		{C837D184-195A-40AF-B94A-811BC93F4C7F}.Release|Any CPU.ActiveCfg = Release|Any CPU
		{C837D184-195A-40AF-B94A-811BC93F4C7F}.Release|Any CPU.Build.0 = Release|Any CPU
		{C837D184-195A-40AF-B94A-811BC93F4C7F}.Release|x64.ActiveCfg = Release|Any CPU
		{C837D184-195A-40AF-B94A-811BC93F4C7F}.Release|x64.Build.0 = Release|Any CPU
		{C837D184-195A-40AF-B94A-811BC93F4C7F}.Release|x86.ActiveCfg = Release|Any CPU
		{C837D184-195A-40AF-B94A-811BC93F4C7F}.Release|x86.Build.0 = Release|Any CPU
		{ABB4FA04-F7D3-4BDD-AE95-768D2EAF2FC6}.Debug|Any CPU.ActiveCfg = Debug|Any CPU
		{ABB4FA04-F7D3-4BDD-AE95-768D2EAF2FC6}.Debug|Any CPU.Build.0 = Debug|Any CPU
		{ABB4FA04-F7D3-4BDD-AE95-768D2EAF2FC6}.Debug|x64.ActiveCfg = Debug|Any CPU
		{ABB4FA04-F7D3-4BDD-AE95-768D2EAF2FC6}.Debug|x64.Build.0 = Debug|Any CPU
		{ABB4FA04-F7D3-4BDD-AE95-768D2EAF2FC6}.Debug|x86.ActiveCfg = Debug|Any CPU
		{ABB4FA04-F7D3-4BDD-AE95-768D2EAF2FC6}.Debug|x86.Build.0 = Debug|Any CPU
		{ABB4FA04-F7D3-4BDD-AE95-768D2EAF2FC6}.Release|Any CPU.ActiveCfg = Release|Any CPU
		{ABB4FA04-F7D3-4BDD-AE95-768D2EAF2FC6}.Release|Any CPU.Build.0 = Release|Any CPU
		{ABB4FA04-F7D3-4BDD-AE95-768D2EAF2FC6}.Release|x64.ActiveCfg = Release|Any CPU
		{ABB4FA04-F7D3-4BDD-AE95-768D2EAF2FC6}.Release|x64.Build.0 = Release|Any CPU
		{ABB4FA04-F7D3-4BDD-AE95-768D2EAF2FC6}.Release|x86.ActiveCfg = Release|Any CPU
		{ABB4FA04-F7D3-4BDD-AE95-768D2EAF2FC6}.Release|x86.Build.0 = Release|Any CPU
		{7E64E4C7-1E78-4F0F-9B12-95D54CB024CC}.Debug|Any CPU.ActiveCfg = Debug|Any CPU
		{7E64E4C7-1E78-4F0F-9B12-95D54CB024CC}.Debug|Any CPU.Build.0 = Debug|Any CPU
		{7E64E4C7-1E78-4F0F-9B12-95D54CB024CC}.Debug|x64.ActiveCfg = Debug|Any CPU
		{7E64E4C7-1E78-4F0F-9B12-95D54CB024CC}.Debug|x64.Build.0 = Debug|Any CPU
		{7E64E4C7-1E78-4F0F-9B12-95D54CB024CC}.Debug|x86.ActiveCfg = Debug|Any CPU
		{7E64E4C7-1E78-4F0F-9B12-95D54CB024CC}.Debug|x86.Build.0 = Debug|Any CPU
		{7E64E4C7-1E78-4F0F-9B12-95D54CB024CC}.Release|Any CPU.ActiveCfg = Release|Any CPU
		{7E64E4C7-1E78-4F0F-9B12-95D54CB024CC}.Release|Any CPU.Build.0 = Release|Any CPU
		{7E64E4C7-1E78-4F0F-9B12-95D54CB024CC}.Release|x64.ActiveCfg = Release|Any CPU
		{7E64E4C7-1E78-4F0F-9B12-95D54CB024CC}.Release|x64.Build.0 = Release|Any CPU
		{7E64E4C7-1E78-4F0F-9B12-95D54CB024CC}.Release|x86.ActiveCfg = Release|Any CPU
		{7E64E4C7-1E78-4F0F-9B12-95D54CB024CC}.Release|x86.Build.0 = Release|Any CPU
		{BACE609F-1525-4A08-B41F-19145B73B320}.Debug|Any CPU.ActiveCfg = Debug|Any CPU
		{BACE609F-1525-4A08-B41F-19145B73B320}.Debug|Any CPU.Build.0 = Debug|Any CPU
		{BACE609F-1525-4A08-B41F-19145B73B320}.Debug|x64.ActiveCfg = Debug|Any CPU
		{BACE609F-1525-4A08-B41F-19145B73B320}.Debug|x64.Build.0 = Debug|Any CPU
		{BACE609F-1525-4A08-B41F-19145B73B320}.Debug|x86.ActiveCfg = Debug|Any CPU
		{BACE609F-1525-4A08-B41F-19145B73B320}.Debug|x86.Build.0 = Debug|Any CPU
		{BACE609F-1525-4A08-B41F-19145B73B320}.Release|Any CPU.ActiveCfg = Release|Any CPU
		{BACE609F-1525-4A08-B41F-19145B73B320}.Release|Any CPU.Build.0 = Release|Any CPU
		{BACE609F-1525-4A08-B41F-19145B73B320}.Release|x64.ActiveCfg = Release|Any CPU
		{BACE609F-1525-4A08-B41F-19145B73B320}.Release|x64.Build.0 = Release|Any CPU
		{BACE609F-1525-4A08-B41F-19145B73B320}.Release|x86.ActiveCfg = Release|Any CPU
		{BACE609F-1525-4A08-B41F-19145B73B320}.Release|x86.Build.0 = Release|Any CPU
		{B9EEF857-3487-4C27-A637-5D28BFF8B68A}.Debug|Any CPU.ActiveCfg = Debug|Any CPU
		{B9EEF857-3487-4C27-A637-5D28BFF8B68A}.Debug|Any CPU.Build.0 = Debug|Any CPU
		{B9EEF857-3487-4C27-A637-5D28BFF8B68A}.Debug|x64.ActiveCfg = Debug|Any CPU
		{B9EEF857-3487-4C27-A637-5D28BFF8B68A}.Debug|x64.Build.0 = Debug|Any CPU
		{B9EEF857-3487-4C27-A637-5D28BFF8B68A}.Debug|x86.ActiveCfg = Debug|Any CPU
		{B9EEF857-3487-4C27-A637-5D28BFF8B68A}.Debug|x86.Build.0 = Debug|Any CPU
		{B9EEF857-3487-4C27-A637-5D28BFF8B68A}.Release|Any CPU.ActiveCfg = Release|Any CPU
		{B9EEF857-3487-4C27-A637-5D28BFF8B68A}.Release|Any CPU.Build.0 = Release|Any CPU
		{B9EEF857-3487-4C27-A637-5D28BFF8B68A}.Release|x64.ActiveCfg = Release|Any CPU
		{B9EEF857-3487-4C27-A637-5D28BFF8B68A}.Release|x64.Build.0 = Release|Any CPU
		{B9EEF857-3487-4C27-A637-5D28BFF8B68A}.Release|x86.ActiveCfg = Release|Any CPU
		{B9EEF857-3487-4C27-A637-5D28BFF8B68A}.Release|x86.Build.0 = Release|Any CPU
		{8B197BE9-11FB-46DE-B00B-0C7504BE80E8}.Debug|Any CPU.ActiveCfg = Debug|Any CPU
		{8B197BE9-11FB-46DE-B00B-0C7504BE80E8}.Debug|Any CPU.Build.0 = Debug|Any CPU
		{8B197BE9-11FB-46DE-B00B-0C7504BE80E8}.Debug|x64.ActiveCfg = Debug|Any CPU
		{8B197BE9-11FB-46DE-B00B-0C7504BE80E8}.Debug|x64.Build.0 = Debug|Any CPU
		{8B197BE9-11FB-46DE-B00B-0C7504BE80E8}.Debug|x86.ActiveCfg = Debug|Any CPU
		{8B197BE9-11FB-46DE-B00B-0C7504BE80E8}.Debug|x86.Build.0 = Debug|Any CPU
		{8B197BE9-11FB-46DE-B00B-0C7504BE80E8}.Release|Any CPU.ActiveCfg = Release|Any CPU
		{8B197BE9-11FB-46DE-B00B-0C7504BE80E8}.Release|Any CPU.Build.0 = Release|Any CPU
		{8B197BE9-11FB-46DE-B00B-0C7504BE80E8}.Release|x64.ActiveCfg = Release|Any CPU
		{8B197BE9-11FB-46DE-B00B-0C7504BE80E8}.Release|x64.Build.0 = Release|Any CPU
		{8B197BE9-11FB-46DE-B00B-0C7504BE80E8}.Release|x86.ActiveCfg = Release|Any CPU
		{8B197BE9-11FB-46DE-B00B-0C7504BE80E8}.Release|x86.Build.0 = Release|Any CPU
		{8ABDD580-8585-4DBC-92ED-A6FB8B310B7E}.Debug|Any CPU.ActiveCfg = Debug|Any CPU
		{8ABDD580-8585-4DBC-92ED-A6FB8B310B7E}.Debug|Any CPU.Build.0 = Debug|Any CPU
		{8ABDD580-8585-4DBC-92ED-A6FB8B310B7E}.Debug|x64.ActiveCfg = Debug|Any CPU
		{8ABDD580-8585-4DBC-92ED-A6FB8B310B7E}.Debug|x64.Build.0 = Debug|Any CPU
		{8ABDD580-8585-4DBC-92ED-A6FB8B310B7E}.Debug|x86.ActiveCfg = Debug|Any CPU
		{8ABDD580-8585-4DBC-92ED-A6FB8B310B7E}.Debug|x86.Build.0 = Debug|Any CPU
		{8ABDD580-8585-4DBC-92ED-A6FB8B310B7E}.Release|Any CPU.ActiveCfg = Release|Any CPU
		{8ABDD580-8585-4DBC-92ED-A6FB8B310B7E}.Release|Any CPU.Build.0 = Release|Any CPU
		{8ABDD580-8585-4DBC-92ED-A6FB8B310B7E}.Release|x64.ActiveCfg = Release|Any CPU
		{8ABDD580-8585-4DBC-92ED-A6FB8B310B7E}.Release|x64.Build.0 = Release|Any CPU
		{8ABDD580-8585-4DBC-92ED-A6FB8B310B7E}.Release|x86.ActiveCfg = Release|Any CPU
		{8ABDD580-8585-4DBC-92ED-A6FB8B310B7E}.Release|x86.Build.0 = Release|Any CPU
		{CCED6526-99EC-4416-808E-857BDAAD4FF0}.Debug|Any CPU.ActiveCfg = Debug|Any CPU
		{CCED6526-99EC-4416-808E-857BDAAD4FF0}.Debug|Any CPU.Build.0 = Debug|Any CPU
		{CCED6526-99EC-4416-808E-857BDAAD4FF0}.Debug|x64.ActiveCfg = Debug|Any CPU
		{CCED6526-99EC-4416-808E-857BDAAD4FF0}.Debug|x64.Build.0 = Debug|Any CPU
		{CCED6526-99EC-4416-808E-857BDAAD4FF0}.Debug|x86.ActiveCfg = Debug|Any CPU
		{CCED6526-99EC-4416-808E-857BDAAD4FF0}.Debug|x86.Build.0 = Debug|Any CPU
		{CCED6526-99EC-4416-808E-857BDAAD4FF0}.Release|Any CPU.ActiveCfg = Release|Any CPU
		{CCED6526-99EC-4416-808E-857BDAAD4FF0}.Release|Any CPU.Build.0 = Release|Any CPU
		{CCED6526-99EC-4416-808E-857BDAAD4FF0}.Release|x64.ActiveCfg = Release|Any CPU
		{CCED6526-99EC-4416-808E-857BDAAD4FF0}.Release|x64.Build.0 = Release|Any CPU
		{CCED6526-99EC-4416-808E-857BDAAD4FF0}.Release|x86.ActiveCfg = Release|Any CPU
		{CCED6526-99EC-4416-808E-857BDAAD4FF0}.Release|x86.Build.0 = Release|Any CPU
	EndGlobalSection
	GlobalSection(SolutionProperties) = preSolution
		HideSolutionNode = FALSE
	EndGlobalSection
	GlobalSection(NestedProjects) = preSolution
		{AFEE7D8E-BD9D-1431-2610-85E262EA213B} = {14F17D2D-2CAA-19F0-18F2-09E7B217756B}
		{00F97074-CED9-464E-8A45-D5E832B9306D} = {AFEE7D8E-BD9D-1431-2610-85E262EA213B}
		{8AC139DC-D1A9-35AB-F4B4-A6ECF14B4CA1} = {14F17D2D-2CAA-19F0-18F2-09E7B217756B}
		{8E0C7643-29E4-4C3D-BAD7-2882A9C9CA7D} = {8AC139DC-D1A9-35AB-F4B4-A6ECF14B4CA1}
		{433D8456-4BE6-19A4-D949-0FC3215F2A5A} = {14F17D2D-2CAA-19F0-18F2-09E7B217756B}
		{626E53FF-6E8A-4800-A37B-A49D9C644685} = {433D8456-4BE6-19A4-D949-0FC3215F2A5A}
		{96AA9C3D-CAFC-D635-F2DC-BE1EF645947F} = {14F17D2D-2CAA-19F0-18F2-09E7B217756B}
		{8FD0AC12-3E30-4DEC-8F44-BC4A773DF838} = {96AA9C3D-CAFC-D635-F2DC-BE1EF645947F}
		{BD1F4606-091C-8F09-348E-E1D322ED0AFD} = {14F17D2D-2CAA-19F0-18F2-09E7B217756B}
		{92AC6166-76A1-4A5D-9B39-D8197917C020} = {BD1F4606-091C-8F09-348E-E1D322ED0AFD}
		{527E687D-495B-9DBF-143A-4005CFA1D2AD} = {27779721-3D82-1DE9-BD3C-D533538A77DA}
		{B387BC5E-AA12-47C7-B584-D68F62DBCBD0} = {527E687D-495B-9DBF-143A-4005CFA1D2AD}
		{8CE5F6D1-EB48-9901-831B-6FF70D726C2C} = {27779721-3D82-1DE9-BD3C-D533538A77DA}
		{3B38ED8B-A8CD-4E78-A50D-CBE72A4D0D6E} = {8CE5F6D1-EB48-9901-831B-6FF70D726C2C}
		{991C35F3-7DED-22CD-C041-E34D7F157E75} = {27779721-3D82-1DE9-BD3C-D533538A77DA}
		{A15A56A8-6884-4965-8D95-CE55C2740CB0} = {991C35F3-7DED-22CD-C041-E34D7F157E75}
		{B1706209-5CBD-CFEA-831F-267E7842171D} = {27779721-3D82-1DE9-BD3C-D533538A77DA}
		{51F7EF23-F4E1-48A1-B5A4-BFE52D55E25F} = {B1706209-5CBD-CFEA-831F-267E7842171D}
		{D045FCBA-5962-F8BF-33FD-44F0C2724359} = {27779721-3D82-1DE9-BD3C-D533538A77DA}
		{24E03DA4-3897-4497-B344-AAEAC747DF8E} = {D045FCBA-5962-F8BF-33FD-44F0C2724359}
		{9CD6A7E5-C148-E972-91C8-310AE391256D} = {416D8A70-90FD-E8D1-0E13-787CBA766CDF}
		{D808B2A6-B8D3-4A93-8E0F-2261DBB41997} = {9CD6A7E5-C148-E972-91C8-310AE391256D}
		{740DF83F-256F-F980-D849-B8D3B3319AB0} = {416D8A70-90FD-E8D1-0E13-787CBA766CDF}
		{B6FBFF3E-50DD-47FD-BD51-2C6A8B411A66} = {740DF83F-256F-F980-D849-B8D3B3319AB0}
		{BF36FC39-03FE-2BEF-8478-07B3FC248610} = {416D8A70-90FD-E8D1-0E13-787CBA766CDF}
		{96AAEE05-7F88-45B9-A972-E569EEC6422F} = {BF36FC39-03FE-2BEF-8478-07B3FC248610}
		{2EAE4D32-4BBC-ABA6-9B22-311BFDE199EB} = {416D8A70-90FD-E8D1-0E13-787CBA766CDF}
		{3BF7ACF2-C9C8-4F7F-953C-FC7C70A4E992} = {2EAE4D32-4BBC-ABA6-9B22-311BFDE199EB}
		{67FB15A5-320C-919D-1078-BB2EC03C1CD4} = {416D8A70-90FD-E8D1-0E13-787CBA766CDF}
		{79C00A2B-6CD1-4644-B1CE-2F352D51E3A8} = {67FB15A5-320C-919D-1078-BB2EC03C1CD4}
		{9A4A57C6-71B3-0620-98E5-8F767B82720B} = {416D8A70-90FD-E8D1-0E13-787CBA766CDF}
		{6D7D9485-69A6-4531-9785-842D1100B95E} = {9A4A57C6-71B3-0620-98E5-8F767B82720B}
		{68BC6FE3-04DA-26D6-CF0E-5027AE79E005} = {56C9EC0D-040C-DA80-6115-6008C794AB73}
		{A086C831-1C3A-4830-9D10-B9AD3F7F526D} = {68BC6FE3-04DA-26D6-CF0E-5027AE79E005}
		{B8304CB3-AFB0-1D82-CA89-BA01EFEB1F9F} = {56C9EC0D-040C-DA80-6115-6008C794AB73}
		{0E79F592-01E7-4802-93AD-36A0B9A6FB09} = {B8304CB3-AFB0-1D82-CA89-BA01EFEB1F9F}
		{3428F321-B085-6871-FFAB-BCB27B88CE2E} = {56C9EC0D-040C-DA80-6115-6008C794AB73}
		{43D73735-64DF-48E7-A4C5-A8865C3AFEE2} = {3428F321-B085-6871-FFAB-BCB27B88CE2E}
		{F870AEB3-A1AF-1F59-7306-A2913B5ADFF1} = {F6A4D074-844D-E38A-782E-ECFECFC8E781}
		{7F655316-5701-4EC2-9040-0A9728F91F3E} = {F870AEB3-A1AF-1F59-7306-A2913B5ADFF1}
		{2CAD1C5A-8FE1-A30F-22C9-DBCE9EFBE9CE} = {F6A4D074-844D-E38A-782E-ECFECFC8E781}
		{C837D184-195A-40AF-B94A-811BC93F4C7F} = {2CAD1C5A-8FE1-A30F-22C9-DBCE9EFBE9CE}
		{89BF0866-F4B4-B1B6-575C-B4D0A5E2CAB3} = {F6A4D074-844D-E38A-782E-ECFECFC8E781}
		{ABB4FA04-F7D3-4BDD-AE95-768D2EAF2FC6} = {89BF0866-F4B4-B1B6-575C-B4D0A5E2CAB3}
		{BA7050BC-6D3B-6D4B-2F14-0FBCD6BB622E} = {F6A4D074-844D-E38A-782E-ECFECFC8E781}
		{7E64E4C7-1E78-4F0F-9B12-95D54CB024CC} = {BA7050BC-6D3B-6D4B-2F14-0FBCD6BB622E}
		{36DDCEFA-BC4A-7647-C0D5-2968D552D6F6} = {F6A4D074-844D-E38A-782E-ECFECFC8E781}
		{BACE609F-1525-4A08-B41F-19145B73B320} = {36DDCEFA-BC4A-7647-C0D5-2968D552D6F6}
		{83E793AB-9A1C-CB6E-9EC3-7B7E899B2E43} = {D64A0EBC-EDB3-A1C2-147E-2D9A2D22D7BC}
		{B9EEF857-3487-4C27-A637-5D28BFF8B68A} = {83E793AB-9A1C-CB6E-9EC3-7B7E899B2E43}
		{17A8CBBB-2442-6A26-D5AA-F47A07809904} = {D64A0EBC-EDB3-A1C2-147E-2D9A2D22D7BC}
		{8B197BE9-11FB-46DE-B00B-0C7504BE80E8} = {17A8CBBB-2442-6A26-D5AA-F47A07809904}
		{83181811-1332-4DCE-0566-69ED20BCEABD} = {D64A0EBC-EDB3-A1C2-147E-2D9A2D22D7BC}
		{8ABDD580-8585-4DBC-92ED-A6FB8B310B7E} = {83181811-1332-4DCE-0566-69ED20BCEABD}
		{8A160919-2035-BD47-1D11-9170D5D2C7E3} = {D64A0EBC-EDB3-A1C2-147E-2D9A2D22D7BC}
		{CCED6526-99EC-4416-808E-857BDAAD4FF0} = {8A160919-2035-BD47-1D11-9170D5D2C7E3}
	EndGlobalSection
EndGlobal
